
Microsoft Visual Studio Solution File, Format Version 12.00
# Visual Studio Version 17
VisualStudioVersion = 17.3.32825.248
MinimumVisualStudioVersion = 10.0.40219.1
Project("{9A19103F-16F7-4668-BE54-9A1E7A4F7556}") = "security-compliance-score", "security-compliance-score.csproj", "{C67EF164-7FA0-4E5F-818A-171CD72ED85E}"
EndProject
Global
	GlobalSection(SolutionConfigurationPlatforms) = preSolution
		Debug|Any CPU = Debug|Any CPU
		Release|Any CPU = Release|Any CPU
	EndGlobalSection
	GlobalSection(ProjectConfigurationPlatforms) = postSolution
		{C67EF164-7FA0-4E5F-818A-171CD72ED85E}.Debug|Any CPU.ActiveCfg = Debug|Any CPU
		{C67EF164-7FA0-4E5F-818A-171CD72ED85E}.Debug|Any CPU.Build.0 = Debug|Any CPU
		{C67EF164-7FA0-4E5F-818A-171CD72ED85E}.Release|Any CPU.ActiveCfg = Release|Any CPU
		{C67EF164-7FA0-4E5F-818A-171CD72ED85E}.Release|Any CPU.Build.0 = Release|Any CPU
	EndGlobalSection
	GlobalSection(SolutionProperties) = preSolution
		HideSolutionNode = FALSE
	EndGlobalSection
	GlobalSection(ExtensibilityGlobals) = postSolution
		SolutionGuid = {8B6A6B06-FA4C-4101-B3E2-1521EDE4802A}
	EndGlobalSection
EndGlobal
